
Microsoft Visual Studio Solution File, Format Version 11.00
# Visual Studio 2010
Project("{FAE04EC0-301F-11D3-BF4B-00C04F79EFBC}") = "enless cat runner", "Assembly-CSharp.csproj", "{0AFDF8F4-466E-567E-84D0-954B67E5A523}"
EndProject
Project("{FAE04EC0-301F-11D3-BF4B-00C04F79EFBC}") = "enless cat runner", "Assembly-CSharp-Editor.csproj", "{DC46B919-CC05-72F1-D0CF-1A7FC9024C8D}"
EndProject
Global
	GlobalSection(SolutionConfigurationPlatforms) = preSolution
		Debug|Any CPU = Debug|Any CPU
		Release|Any CPU = Release|Any CPU
	EndGlobalSection
	GlobalSection(ProjectConfigurationPlatforms) = postSolution
		{0AFDF8F4-466E-567E-84D0-954B67E5A523}.Debug|Any CPU.ActiveCfg = Debug|Any CPU
		{0AFDF8F4-466E-567E-84D0-954B67E5A523}.Debug|Any CPU.Build.0 = Debug|Any CPU
		{0AFDF8F4-466E-567E-84D0-954B67E5A523}.Release|Any CPU.ActiveCfg = Release|Any CPU
		{0AFDF8F4-466E-567E-84D0-954B67E5A523}.Release|Any CPU.Build.0 = Release|Any CPU
		{DC46B919-CC05-72F1-D0CF-1A7FC9024C8D}.Debug|Any CPU.ActiveCfg = Debug|Any CPU
		{DC46B919-CC05-72F1-D0CF-1A7FC9024C8D}.Debug|Any CPU.Build.0 = Debug|Any CPU
		{DC46B919-CC05-72F1-D0CF-1A7FC9024C8D}.Release|Any CPU.ActiveCfg = Release|Any CPU
		{DC46B919-CC05-72F1-D0CF-1A7FC9024C8D}.Release|Any CPU.Build.0 = Release|Any CPU
	EndGlobalSection
	GlobalSection(SolutionProperties) = preSolution
		HideSolutionNode = FALSE
	EndGlobalSection
	GlobalSection(MonoDevelopProperties) = preSolution
		StartupItem = Assembly-CSharp.csproj
	EndGlobalSection
EndGlobal
